
Microsoft Visual Studio Solution File, Format Version 12.00
# Visual Studio Version 16
VisualStudioVersion = 16.0.30225.117
MinimumVisualStudioVersion = 10.0.40219.1
Project("{9A19103F-16F7-4668-BE54-9A1E7A4F7556}") = "DbAccessCodeGen", "DbAccessCodeGen\DbAccessCodeGen.csproj", "{8862CFEE-ADFC-43D6-9A7E-02234317C31C}"
EndProject
Project("{9A19103F-16F7-4668-BE54-9A1E7A4F7556}") = "DbCode.Test", "DbCode.Test\DbCode.Test.csproj", "{39790F32-015E-4A61-B4B2-96F5589AADFE}"
EndProject
Project("{2150E333-8FDC-42A3-9474-1A3956D46DE8}") = "Solution Items", "Solution Items", "{45AF4F6C-2EB8-4071-AF48-6F6F4ECE3E1E}"
	ProjectSection(SolutionItems) = preProject
		README.md = README.md
	EndProjectSection
EndProject
Project("{9A19103F-16F7-4668-BE54-9A1E7A4F7556}") = "DbAccessCodeGen.Test", "DbAccessCodeGen.Test\DbAccessCodeGen.Test.csproj", "{DC7184A6-A64D-4BC7-8A55-BC95A287B8CF}"
EndProject
Project("{FAE04EC0-301F-11D3-BF4B-00C04F79EFBC}") = "DbAccessCodeGen.Library", "DbAccessCodeGen.Library\DbAccessCodeGen.Library.csproj", "{1E967D5D-6EAC-45DE-A908-1C0051BADD73}"
EndProject
Global
	GlobalSection(SolutionConfigurationPlatforms) = preSolution
		Debug|Any CPU = Debug|Any CPU
		Release|Any CPU = Release|Any CPU
	EndGlobalSection
	GlobalSection(ProjectConfigurationPlatforms) = postSolution
		{8862CFEE-ADFC-43D6-9A7E-02234317C31C}.Debug|Any CPU.ActiveCfg = Debug|Any CPU
		{8862CFEE-ADFC-43D6-9A7E-02234317C31C}.Debug|Any CPU.Build.0 = Debug|Any CPU
		{8862CFEE-ADFC-43D6-9A7E-02234317C31C}.Release|Any CPU.ActiveCfg = Release|Any CPU
		{8862CFEE-ADFC-43D6-9A7E-02234317C31C}.Release|Any CPU.Build.0 = Release|Any CPU
		{39790F32-015E-4A61-B4B2-96F5589AADFE}.Debug|Any CPU.ActiveCfg = Debug|Any CPU
		{39790F32-015E-4A61-B4B2-96F5589AADFE}.Release|Any CPU.ActiveCfg = Release|Any CPU
		{39790F32-015E-4A61-B4B2-96F5589AADFE}.Release|Any CPU.Build.0 = Release|Any CPU
		{DC7184A6-A64D-4BC7-8A55-BC95A287B8CF}.Debug|Any CPU.ActiveCfg = Debug|Any CPU
		{DC7184A6-A64D-4BC7-8A55-BC95A287B8CF}.Debug|Any CPU.Build.0 = Debug|Any CPU
		{DC7184A6-A64D-4BC7-8A55-BC95A287B8CF}.Release|Any CPU.ActiveCfg = Release|Any CPU
		{DC7184A6-A64D-4BC7-8A55-BC95A287B8CF}.Release|Any CPU.Build.0 = Release|Any CPU
		{1E967D5D-6EAC-45DE-A908-1C0051BADD73}.Debug|Any CPU.ActiveCfg = Debug|Any CPU
		{1E967D5D-6EAC-45DE-A908-1C0051BADD73}.Debug|Any CPU.Build.0 = Debug|Any CPU
		{1E967D5D-6EAC-45DE-A908-1C0051BADD73}.Release|Any CPU.ActiveCfg = Release|Any CPU
		{1E967D5D-6EAC-45DE-A908-1C0051BADD73}.Release|Any CPU.Build.0 = Release|Any CPU
	EndGlobalSection
	GlobalSection(SolutionProperties) = preSolution
		HideSolutionNode = FALSE
	EndGlobalSection
	GlobalSection(ExtensibilityGlobals) = postSolution
		SolutionGuid = {DDE37F4F-4A1A-4490-906A-2A5F7437960B}
	EndGlobalSection
EndGlobal
